
Microsoft Visual Studio Solution File, Format Version 12.00
# Visual Studio Version 17
VisualStudioVersion = 17.13.35818.85
MinimumVisualStudioVersion = 10.0.40219.1
Project("{2150E333-8FDC-42A3-9474-1A3956D46DE8}") = "Src", "Src", "{02EA681E-C7D8-13C7-8484-4AC65E1B71E8}"
EndProject
Project("{2150E333-8FDC-42A3-9474-1A3956D46DE8}") = "API", "API", "{C795DF14-3E2E-4FC8-A163-68E85B94A16A}"
EndProject
Project("{2150E333-8FDC-42A3-9474-1A3956D46DE8}") = "Core", "Core", "{F8FF591F-21EE-464B-8206-F02A4A51F86E}"
EndProject
Project("{2150E333-8FDC-42A3-9474-1A3956D46DE8}") = "Infrastructure", "Infrastructure", "{F98648BE-9A19-4E7D-ADC6-E6D765CB1350}"
EndProject
Project("{FAE04EC0-301F-11D3-BF4B-00C04F79EFBC}") = "BookApp.Domain", "BookApp.Domain\BookApp.Domain.csproj", "{5A2CDB21-0A9B-4EA9-AB5E-83B1C24D9DF1}"
EndProject
Project("{FAE04EC0-301F-11D3-BF4B-00C04F79EFBC}") = "BooApp.Application", "BooApp.Application\BooApp.Application.csproj", "{9C063691-7CD7-49AC-AD89-CADC59F32C1B}"
EndProject
Project("{FAE04EC0-301F-11D3-BF4B-00C04F79EFBC}") = "BookApp.Infrastructure", "BookApp.Infrastructure\BookApp.Infrastructure.csproj", "{42410CB5-B47C-4ADE-A01E-6D9D48C36E1E}"
EndProject
Project("{FAE04EC0-301F-11D3-BF4B-00C04F79EFBC}") = "BookApp.API", "BookApp.API\BookApp.API.csproj", "{267B7F82-79E9-4366-8DEA-B247347A7F3B}"
EndProject
Project("{FAE04EC0-301F-11D3-BF4B-00C04F79EFBC}") = "BookApp.Identity", "BookApp.Identity\BookApp.Identity.csproj", "{89DAFE33-DCF3-45D1-BDE1-43FAF1573248}"
EndProject
Project("{FAE04EC0-301F-11D3-BF4B-00C04F79EFBC}") = "GateWayAPI", "GateWayAPI\GateWayAPI.csproj", "{25EFF1AE-7D35-485C-A720-18BCB59CC562}"
EndProject
Global
	GlobalSection(SolutionConfigurationPlatforms) = preSolution
		Debug|Any CPU = Debug|Any CPU
		Release|Any CPU = Release|Any CPU
	EndGlobalSection
	GlobalSection(ProjectConfigurationPlatforms) = postSolution
		{5A2CDB21-0A9B-4EA9-AB5E-83B1C24D9DF1}.Debug|Any CPU.ActiveCfg = Debug|Any CPU
		{5A2CDB21-0A9B-4EA9-AB5E-83B1C24D9DF1}.Debug|Any CPU.Build.0 = Debug|Any CPU
		{5A2CDB21-0A9B-4EA9-AB5E-83B1C24D9DF1}.Release|Any CPU.ActiveCfg = Release|Any CPU
		{5A2CDB21-0A9B-4EA9-AB5E-83B1C24D9DF1}.Release|Any CPU.Build.0 = Release|Any CPU
		{9C063691-7CD7-49AC-AD89-CADC59F32C1B}.Debug|Any CPU.ActiveCfg = Debug|Any CPU
		{9C063691-7CD7-49AC-AD89-CADC59F32C1B}.Debug|Any CPU.Build.0 = Debug|Any CPU
		{9C063691-7CD7-49AC-AD89-CADC59F32C1B}.Release|Any CPU.ActiveCfg = Release|Any CPU
		{9C063691-7CD7-49AC-AD89-CADC59F32C1B}.Release|Any CPU.Build.0 = Release|Any CPU
		{42410CB5-B47C-4ADE-A01E-6D9D48C36E1E}.Debug|Any CPU.ActiveCfg = Debug|Any CPU
		{42410CB5-B47C-4ADE-A01E-6D9D48C36E1E}.Debug|Any CPU.Build.0 = Debug|Any CPU
		{42410CB5-B47C-4ADE-A01E-6D9D48C36E1E}.Release|Any CPU.ActiveCfg = Release|Any CPU
		{42410CB5-B47C-4ADE-A01E-6D9D48C36E1E}.Release|Any CPU.Build.0 = Release|Any CPU
		{267B7F82-79E9-4366-8DEA-B247347A7F3B}.Debug|Any CPU.ActiveCfg = Debug|Any CPU
		{267B7F82-79E9-4366-8DEA-B247347A7F3B}.Debug|Any CPU.Build.0 = Debug|Any CPU
		{267B7F82-79E9-4366-8DEA-B247347A7F3B}.Release|Any CPU.ActiveCfg = Release|Any CPU
		{267B7F82-79E9-4366-8DEA-B247347A7F3B}.Release|Any CPU.Build.0 = Release|Any CPU
		{89DAFE33-DCF3-45D1-BDE1-43FAF1573248}.Debug|Any CPU.ActiveCfg = Debug|Any CPU
		{89DAFE33-DCF3-45D1-BDE1-43FAF1573248}.Debug|Any CPU.Build.0 = Debug|Any CPU
		{89DAFE33-DCF3-45D1-BDE1-43FAF1573248}.Release|Any CPU.ActiveCfg = Release|Any CPU
		{89DAFE33-DCF3-45D1-BDE1-43FAF1573248}.Release|Any CPU.Build.0 = Release|Any CPU
		{25EFF1AE-7D35-485C-A720-18BCB59CC562}.Debug|Any CPU.ActiveCfg = Debug|Any CPU
		{25EFF1AE-7D35-485C-A720-18BCB59CC562}.Debug|Any CPU.Build.0 = Debug|Any CPU
		{25EFF1AE-7D35-485C-A720-18BCB59CC562}.Release|Any CPU.ActiveCfg = Release|Any CPU
		{25EFF1AE-7D35-485C-A720-18BCB59CC562}.Release|Any CPU.Build.0 = Release|Any CPU
	EndGlobalSection
	GlobalSection(SolutionProperties) = preSolution
		HideSolutionNode = FALSE
	EndGlobalSection
	GlobalSection(NestedProjects) = preSolution
		{C795DF14-3E2E-4FC8-A163-68E85B94A16A} = {02EA681E-C7D8-13C7-8484-4AC65E1B71E8}
		{F8FF591F-21EE-464B-8206-F02A4A51F86E} = {02EA681E-C7D8-13C7-8484-4AC65E1B71E8}
		{F98648BE-9A19-4E7D-ADC6-E6D765CB1350} = {02EA681E-C7D8-13C7-8484-4AC65E1B71E8}
		{5A2CDB21-0A9B-4EA9-AB5E-83B1C24D9DF1} = {F8FF591F-21EE-464B-8206-F02A4A51F86E}
		{9C063691-7CD7-49AC-AD89-CADC59F32C1B} = {F8FF591F-21EE-464B-8206-F02A4A51F86E}
		{42410CB5-B47C-4ADE-A01E-6D9D48C36E1E} = {F98648BE-9A19-4E7D-ADC6-E6D765CB1350}
		{267B7F82-79E9-4366-8DEA-B247347A7F3B} = {C795DF14-3E2E-4FC8-A163-68E85B94A16A}
		{89DAFE33-DCF3-45D1-BDE1-43FAF1573248} = {F98648BE-9A19-4E7D-ADC6-E6D765CB1350}
	EndGlobalSection
	GlobalSection(ExtensibilityGlobals) = postSolution
		SolutionGuid = {88C430FB-6C55-4AB4-88D3-6BA36142F0A1}
	EndGlobalSection
EndGlobal
