
Microsoft Visual Studio Solution File, Format Version 12.00
# Visual Studio Version 17
VisualStudioVersion = 17.13.35818.85
MinimumVisualStudioVersion = 10.0.40219.1
Project("{FAE04EC0-301F-11D3-BF4B-00C04F79EFBC}") = "EFCoreConsoleApp", "EFCoreConsoleApp\EFCoreConsoleApp.csproj", "{95820172-05B5-464B-8854-DAEACD2C689B}"
EndProject
Project("{FAE04EC0-301F-11D3-BF4B-00C04F79EFBC}") = "DataBaseFirstApproach", "DataBaseFirstApproach\DataBaseFirstApproach.csproj", "{F7C37E4F-4614-4C74-9D30-167FE5FADD36}"
EndProject
Project("{FAE04EC0-301F-11D3-BF4B-00C04F79EFBC}") = "ModelFirstApproach", "ModelFirstApproach\ModelFirstApproach.csproj", "{484AFED9-807A-40D5-8922-5ABE075AF504}"
EndProject
Project("{FAE04EC0-301F-11D3-BF4B-00C04F79EFBC}") = "Demo_FluentApi", "Demo_FluentApi\Demo_FluentApi.csproj", "{817F65AB-0E00-49DE-A464-3EAFD458F66C}"
EndProject
Global
	GlobalSection(SolutionConfigurationPlatforms) = preSolution
		Debug|Any CPU = Debug|Any CPU
		Release|Any CPU = Release|Any CPU
	EndGlobalSection
	GlobalSection(ProjectConfigurationPlatforms) = postSolution
		{95820172-05B5-464B-8854-DAEACD2C689B}.Debug|Any CPU.ActiveCfg = Debug|Any CPU
		{95820172-05B5-464B-8854-DAEACD2C689B}.Debug|Any CPU.Build.0 = Debug|Any CPU
		{95820172-05B5-464B-8854-DAEACD2C689B}.Release|Any CPU.ActiveCfg = Release|Any CPU
		{95820172-05B5-464B-8854-DAEACD2C689B}.Release|Any CPU.Build.0 = Release|Any CPU
		{F7C37E4F-4614-4C74-9D30-167FE5FADD36}.Debug|Any CPU.ActiveCfg = Debug|Any CPU
		{F7C37E4F-4614-4C74-9D30-167FE5FADD36}.Debug|Any CPU.Build.0 = Debug|Any CPU
		{F7C37E4F-4614-4C74-9D30-167FE5FADD36}.Release|Any CPU.ActiveCfg = Release|Any CPU
		{F7C37E4F-4614-4C74-9D30-167FE5FADD36}.Release|Any CPU.Build.0 = Release|Any CPU
		{484AFED9-807A-40D5-8922-5ABE075AF504}.Debug|Any CPU.ActiveCfg = Debug|Any CPU
		{484AFED9-807A-40D5-8922-5ABE075AF504}.Debug|Any CPU.Build.0 = Debug|Any CPU
		{484AFED9-807A-40D5-8922-5ABE075AF504}.Release|Any CPU.ActiveCfg = Release|Any CPU
		{484AFED9-807A-40D5-8922-5ABE075AF504}.Release|Any CPU.Build.0 = Release|Any CPU
		{817F65AB-0E00-49DE-A464-3EAFD458F66C}.Debug|Any CPU.ActiveCfg = Debug|Any CPU
		{817F65AB-0E00-49DE-A464-3EAFD458F66C}.Debug|Any CPU.Build.0 = Debug|Any CPU
		{817F65AB-0E00-49DE-A464-3EAFD458F66C}.Release|Any CPU.ActiveCfg = Release|Any CPU
		{817F65AB-0E00-49DE-A464-3EAFD458F66C}.Release|Any CPU.Build.0 = Release|Any CPU
	EndGlobalSection
	GlobalSection(SolutionProperties) = preSolution
		HideSolutionNode = FALSE
	EndGlobalSection
	GlobalSection(ExtensibilityGlobals) = postSolution
		SolutionGuid = {EAFAFEE0-CAE4-41AA-B64F-65FB8BA11B13}
	EndGlobalSection
EndGlobal
