
Microsoft Visual Studio Solution File, Format Version 12.00
# Visual Studio Version 17
VisualStudioVersion = 17.13.35818.85 d17.13
MinimumVisualStudioVersion = 10.0.40219.1
Project("{FAE04EC0-301F-11D3-BF4B-00C04F79EFBC}") = "BooKingAPI", "BooKingAPI\BooKingAPI.csproj", "{1B015EDD-A934-4A66-9F98-330A584E65D0}"
EndProject
Project("{FAE04EC0-301F-11D3-BF4B-00C04F79EFBC}") = "bookingDetailsRecieve", "bookingDetailsRecieve\bookingDetailsRecieve.csproj", "{B238A1EC-AF94-4203-B728-90833017BA5F}"
EndProject
Global
	GlobalSection(SolutionConfigurationPlatforms) = preSolution
		Debug|Any CPU = Debug|Any CPU
		Release|Any CPU = Release|Any CPU
	EndGlobalSection
	GlobalSection(ProjectConfigurationPlatforms) = postSolution
		{1B015EDD-A934-4A66-9F98-330A584E65D0}.Debug|Any CPU.ActiveCfg = Debug|Any CPU
		{1B015EDD-A934-4A66-9F98-330A584E65D0}.Debug|Any CPU.Build.0 = Debug|Any CPU
		{1B015EDD-A934-4A66-9F98-330A584E65D0}.Release|Any CPU.ActiveCfg = Release|Any CPU
		{1B015EDD-A934-4A66-9F98-330A584E65D0}.Release|Any CPU.Build.0 = Release|Any CPU
		{B238A1EC-AF94-4203-B728-90833017BA5F}.Debug|Any CPU.ActiveCfg = Debug|Any CPU
		{B238A1EC-AF94-4203-B728-90833017BA5F}.Debug|Any CPU.Build.0 = Debug|Any CPU
		{B238A1EC-AF94-4203-B728-90833017BA5F}.Release|Any CPU.ActiveCfg = Release|Any CPU
		{B238A1EC-AF94-4203-B728-90833017BA5F}.Release|Any CPU.Build.0 = Release|Any CPU
	EndGlobalSection
	GlobalSection(SolutionProperties) = preSolution
		HideSolutionNode = FALSE
	EndGlobalSection
	GlobalSection(ExtensibilityGlobals) = postSolution
		SolutionGuid = {02710DFA-892E-41A4-811B-4A5B7CE6C39A}
	EndGlobalSection
EndGlobal
