
Microsoft Visual Studio Solution File, Format Version 12.00
# Visual Studio Version 17
VisualStudioVersion = 17.13.35818.85 d17.13
MinimumVisualStudioVersion = 10.0.40219.1
Project("{FAE04EC0-301F-11D3-BF4B-00C04F79EFBC}") = "Demo_Operators", "Demo_Operators\Demo_Operators.csproj", "{CF7AEFAB-D363-4258-832B-624216080929}"
EndProject
Project("{FAE04EC0-301F-11D3-BF4B-00C04F79EFBC}") = "Demo_Methods", "Demo_Methods\Demo_Methods.csproj", "{6A620F52-E75D-4757-9E7E-941D1E89701F}"
EndProject
Project("{FAE04EC0-301F-11D3-BF4B-00C04F79EFBC}") = "Demo_Loops", "Demo_Loops\Demo_Loops.csproj", "{301B5137-4DAE-4167-9F13-62249D1DE7E2}"
EndProject
Project("{FAE04EC0-301F-11D3-BF4B-00C04F79EFBC}") = "Demo_Switch", "Demo_Switch\Demo_Switch.csproj", "{FD8F9B87-14E3-43FC-A4E7-D35042AE617E}"
EndProject
Project("{FAE04EC0-301F-11D3-BF4B-00C04F79EFBC}") = "Demo_Structures", "Demo_Structures\Demo_Structures.csproj", "{D1F654C4-2136-4B57-9BE6-B90F373F8483}"
EndProject
Project("{FAE04EC0-301F-11D3-BF4B-00C04F79EFBC}") = "Demo_Enum", "Demo_Enum\Demo_Enum.csproj", "{C34ACD79-2644-48EA-AFA3-93982094562D}"
EndProject
Project("{FAE04EC0-301F-11D3-BF4B-00C04F79EFBC}") = "Demo_Array", "Demo_Array\Demo_Array.csproj", "{8B535EE7-0A27-44CF-B5EC-C3B73BC21EDE}"
EndProject
Global
	GlobalSection(SolutionConfigurationPlatforms) = preSolution
		Debug|Any CPU = Debug|Any CPU
		Release|Any CPU = Release|Any CPU
	EndGlobalSection
	GlobalSection(ProjectConfigurationPlatforms) = postSolution
		{CF7AEFAB-D363-4258-832B-624216080929}.Debug|Any CPU.ActiveCfg = Debug|Any CPU
		{CF7AEFAB-D363-4258-832B-624216080929}.Debug|Any CPU.Build.0 = Debug|Any CPU
		{CF7AEFAB-D363-4258-832B-624216080929}.Release|Any CPU.ActiveCfg = Release|Any CPU
		{CF7AEFAB-D363-4258-832B-624216080929}.Release|Any CPU.Build.0 = Release|Any CPU
		{6A620F52-E75D-4757-9E7E-941D1E89701F}.Debug|Any CPU.ActiveCfg = Debug|Any CPU
		{6A620F52-E75D-4757-9E7E-941D1E89701F}.Debug|Any CPU.Build.0 = Debug|Any CPU
		{6A620F52-E75D-4757-9E7E-941D1E89701F}.Release|Any CPU.ActiveCfg = Release|Any CPU
		{6A620F52-E75D-4757-9E7E-941D1E89701F}.Release|Any CPU.Build.0 = Release|Any CPU
		{301B5137-4DAE-4167-9F13-62249D1DE7E2}.Debug|Any CPU.ActiveCfg = Debug|Any CPU
		{301B5137-4DAE-4167-9F13-62249D1DE7E2}.Debug|Any CPU.Build.0 = Debug|Any CPU
		{301B5137-4DAE-4167-9F13-62249D1DE7E2}.Release|Any CPU.ActiveCfg = Release|Any CPU
		{301B5137-4DAE-4167-9F13-62249D1DE7E2}.Release|Any CPU.Build.0 = Release|Any CPU
		{FD8F9B87-14E3-43FC-A4E7-D35042AE617E}.Debug|Any CPU.ActiveCfg = Debug|Any CPU
		{FD8F9B87-14E3-43FC-A4E7-D35042AE617E}.Debug|Any CPU.Build.0 = Debug|Any CPU
		{FD8F9B87-14E3-43FC-A4E7-D35042AE617E}.Release|Any CPU.ActiveCfg = Release|Any CPU
		{FD8F9B87-14E3-43FC-A4E7-D35042AE617E}.Release|Any CPU.Build.0 = Release|Any CPU
		{D1F654C4-2136-4B57-9BE6-B90F373F8483}.Debug|Any CPU.ActiveCfg = Debug|Any CPU
		{D1F654C4-2136-4B57-9BE6-B90F373F8483}.Debug|Any CPU.Build.0 = Debug|Any CPU
		{D1F654C4-2136-4B57-9BE6-B90F373F8483}.Release|Any CPU.ActiveCfg = Release|Any CPU
		{D1F654C4-2136-4B57-9BE6-B90F373F8483}.Release|Any CPU.Build.0 = Release|Any CPU
		{C34ACD79-2644-48EA-AFA3-93982094562D}.Debug|Any CPU.ActiveCfg = Debug|Any CPU
		{C34ACD79-2644-48EA-AFA3-93982094562D}.Debug|Any CPU.Build.0 = Debug|Any CPU
		{C34ACD79-2644-48EA-AFA3-93982094562D}.Release|Any CPU.ActiveCfg = Release|Any CPU
		{C34ACD79-2644-48EA-AFA3-93982094562D}.Release|Any CPU.Build.0 = Release|Any CPU
		{8B535EE7-0A27-44CF-B5EC-C3B73BC21EDE}.Debug|Any CPU.ActiveCfg = Debug|Any CPU
		{8B535EE7-0A27-44CF-B5EC-C3B73BC21EDE}.Debug|Any CPU.Build.0 = Debug|Any CPU
		{8B535EE7-0A27-44CF-B5EC-C3B73BC21EDE}.Release|Any CPU.ActiveCfg = Release|Any CPU
		{8B535EE7-0A27-44CF-B5EC-C3B73BC21EDE}.Release|Any CPU.Build.0 = Release|Any CPU
	EndGlobalSection
	GlobalSection(SolutionProperties) = preSolution
		HideSolutionNode = FALSE
	EndGlobalSection
	GlobalSection(ExtensibilityGlobals) = postSolution
		SolutionGuid = {8EC6611C-C54D-408A-B25F-F75B51745AD0}
	EndGlobalSection
EndGlobal
