
Microsoft Visual Studio Solution File, Format Version 12.00
# Visual Studio Version 17
VisualStudioVersion = 17.13.35818.85 d17.13
MinimumVisualStudioVersion = 10.0.40219.1
Project("{FAE04EC0-301F-11D3-BF4B-00C04F79EFBC}") = "ProductApPApi", "ProductApPApi.csproj", "{D9D50869-1EA7-4199-83F0-B4FF18A04F07}"
EndProject
Global
	GlobalSection(SolutionConfigurationPlatforms) = preSolution
		Debug|Any CPU = Debug|Any CPU
		Release|Any CPU = Release|Any CPU
	EndGlobalSection
	GlobalSection(ProjectConfigurationPlatforms) = postSolution
		{D9D50869-1EA7-4199-83F0-B4FF18A04F07}.Debug|Any CPU.ActiveCfg = Debug|Any CPU
		{D9D50869-1EA7-4199-83F0-B4FF18A04F07}.Debug|Any CPU.Build.0 = Debug|Any CPU
		{D9D50869-1EA7-4199-83F0-B4FF18A04F07}.Release|Any CPU.ActiveCfg = Release|Any CPU
		{D9D50869-1EA7-4199-83F0-B4FF18A04F07}.Release|Any CPU.Build.0 = Release|Any CPU
	EndGlobalSection
	GlobalSection(SolutionProperties) = preSolution
		HideSolutionNode = FALSE
	EndGlobalSection
	GlobalSection(ExtensibilityGlobals) = postSolution
		SolutionGuid = {4AC90F2B-7B12-446F-885C-7E7506C9A655}
	EndGlobalSection
EndGlobal
